
Microsoft Visual Studio Solution File, Format Version 12.00
# Visual Studio Version 17
VisualStudioVersion = 17.7.34024.191
MinimumVisualStudioVersion = 10.0.40219.1
Project("{9A19103F-16F7-4668-BE54-9A1E7A4F7556}") = "LibraryAPI", "BookAPI\LibraryAPI.csproj", "{4AA8B308-FE91-4200-AF70-6A713305481D}"
EndProject
Global
	GlobalSection(SolutionConfigurationPlatforms) = preSolution
		Debug|Any CPU = Debug|Any CPU
		Release|Any CPU = Release|Any CPU
	EndGlobalSection
	GlobalSection(ProjectConfigurationPlatforms) = postSolution
		{4AA8B308-FE91-4200-AF70-6A713305481D}.Debug|Any CPU.ActiveCfg = Debug|Any CPU
		{4AA8B308-FE91-4200-AF70-6A713305481D}.Debug|Any CPU.Build.0 = Debug|Any CPU
		{4AA8B308-FE91-4200-AF70-6A713305481D}.Release|Any CPU.ActiveCfg = Release|Any CPU
		{4AA8B308-FE91-4200-AF70-6A713305481D}.Release|Any CPU.Build.0 = Release|Any CPU
	EndGlobalSection
	GlobalSection(SolutionProperties) = preSolution
		HideSolutionNode = FALSE
	EndGlobalSection
	GlobalSection(ExtensibilityGlobals) = postSolution
		SolutionGuid = {3BD8CB03-B3A5-4313-9550-39D22735315C}
	EndGlobalSection
EndGlobal
